
Microsoft Visual Studio Solution File, Format Version 12.00
# Visual Studio Version 17
VisualStudioVersion = 17.4.33110.190
MinimumVisualStudioVersion = 10.0.40219.1
Project("{FAE04EC0-301F-11D3-BF4B-00C04F79EFBC}") = "Cab-Invoice-Generator", "Cab-Invoice-Generator.csproj", "{58B5E3F8-7083-43DB-9A94-164F292697E4}"
EndProject
Global
	GlobalSection(SolutionConfigurationPlatforms) = preSolution
		Debug|Any CPU = Debug|Any CPU
		Release|Any CPU = Release|Any CPU
	EndGlobalSection
	GlobalSection(ProjectConfigurationPlatforms) = postSolution
		{58B5E3F8-7083-43DB-9A94-164F292697E4}.Debug|Any CPU.ActiveCfg = Debug|Any CPU
		{58B5E3F8-7083-43DB-9A94-164F292697E4}.Debug|Any CPU.Build.0 = Debug|Any CPU
		{58B5E3F8-7083-43DB-9A94-164F292697E4}.Release|Any CPU.ActiveCfg = Release|Any CPU
		{58B5E3F8-7083-43DB-9A94-164F292697E4}.Release|Any CPU.Build.0 = Release|Any CPU
	EndGlobalSection
	GlobalSection(SolutionProperties) = preSolution
		HideSolutionNode = FALSE
	EndGlobalSection
	GlobalSection(ExtensibilityGlobals) = postSolution
		SolutionGuid = {45C51B93-823C-4A85-9EB2-62DBC5A1F871}
	EndGlobalSection
EndGlobal
